{
  "lockfileVersion": 1,
  "configVersion": 1,
  "workspaces": {
    "": {
      "name": "esimnft",
      "dependencies": {
        "@openzeppelin/contracts": "^5.6.1",
        "dotenv": "^17.4.2",
        "viem": "^2.54.3",
      },
      "devDependencies": {
        "@nomicfoundation/hardhat-toolbox-viem": "^5.0.7",
        "@types/bun": "latest",
        "hardhat": "^3.9.1",
      },
      "peerDependencies": {
        "typescript": "^5",
      },
    },
  },
  "packages": {
    "@actions/core": ["@actions/core@1.11.1", "", { "dependencies": { "@actions/exec": "^1.1.1", "@actions/http-client": "^2.0.1" } }, "sha512-hXJCSrkwfA46Vd9Z3q4cpEpHB1rL5NG04+/rbqW9d3+CSvtB1tYe8UTpAlixa1vj0m/ULglfEK2UKxMGxCxv5A=="],

    "@actions/exec": ["@actions/exec@1.1.1", "", { "dependencies": { "@actions/io": "^1.0.1" } }, "sha512-+sCcHHbVdk93a0XT19ECtO/gIXoxvdsgQLzb2fE2/5sIZmWQuluYyjPQtrtTHdU1YzTZ7bAPN4sITq2xi1679w=="],

    "@actions/http-client": ["@actions/http-client@2.2.3", "", { "dependencies": { "tunnel": "^0.0.6", "undici": "^5.25.4" } }, "sha512-mx8hyJi/hjFvbPokCg4uRd4ZX78t+YyRPtnKWwIl+RzNaVuFpQHfmlGVfsKEJN8LwTCvL+DfVgAM04XaHkm6bA=="],

    "@actions/io": ["@actions/io@1.1.3", "", {}, "sha512-wi9JjgKLYS7U/z8PPbco+PvTb/nRWjeoFlJ1Qer83k/3C5PHQi28hiVdeE2kHXmIL99mQFawx8qt/JPjZilJ8Q=="],

    "@adraffy/ens-normalize": ["@adraffy/ens-normalize@1.11.1", "", {}, "sha512-nhCBV3quEgesuf7c7KYfperqSS14T8bYuvJ8PcLJp6znkZpFc0AuW4qBtr8eKVyPPe/8RSr7sglCWPU5eaxwKQ=="],

    "@esbuild/aix-ppc64": ["@esbuild/aix-ppc64@0.28.1", "", { "os": "aix", "cpu": "ppc64" }, "sha512-Svl7tq8k/08+p6CXPpRjQ1fKX+1odH/BQbb48fV6fj3CWHhsoIOoY87w1oHXm0qEpkIK3ZfVgp0hed3XBXzXMQ=="],

    "@esbuild/android-arm": ["@esbuild/android-arm@0.28.1", "", { "os": "android", "cpu": "arm" }, "sha512-0k2F129Xdio1TdJfzJ8sy1Q47vUD2NnwdhiAf7drUN1EBTfPf4hsFCtmMgu/6m8JSzsBrlmVjudMBQqOfG8usQ=="],

    "@esbuild/android-arm64": ["@esbuild/android-arm64@0.28.1", "", { "os": "android", "cpu": "arm64" }, "sha512-34EGEbCIAgosYz6goLcopX6Mo7NyGv9tfwEM2/7Ce2VcVRk568iSvniGWcUXIy7wEDR1wzolcxcriFVrWYcwBg=="],

    "@esbuild/android-x64": ["@esbuild/android-x64@0.28.1", "", { "os": "android", "cpu": "x64" }, "sha512-dbwY7ltSMDWsRatcRpCnES4F+im88OCUgGZjy52shC7GqHRE/cYlxNbB4Z4UpJswpcc4Qxd2oE/ufM0p61IKng=="],

    "@esbuild/darwin-arm64": ["@esbuild/darwin-arm64@0.28.1", "", { "os": "darwin", "cpu": "arm64" }, "sha512-TZbWkQY7kvTAXbXUT7uVACR5cMHsDiSz9z7ZKAX/RTq/WJEk3QyRr0wZpNhBDX+/0CtdqUIJlOiodQcta6tY3Q=="],

    "@esbuild/darwin-x64": ["@esbuild/darwin-x64@0.28.1", "", { "os": "darwin", "cpu": "x64" }, "sha512-zfdzgK9ACBNZLI/CyHTOx81SyNbM6YXn7rxSgX97VjyiPl9W1i4Ka4fgKECEoFCKGpvBj5qArWIGgQjOwkgskQ=="],

    "@esbuild/freebsd-arm64": ["@esbuild/freebsd-arm64@0.28.1", "", { "os": "freebsd", "cpu": "arm64" }, "sha512-wG2EA8ENdEI0qhkSZMjfqrdY+ziCYCPMmtZjjIwOmXFjmyzEHn+UUxk5of+SYsjtfs3VpnlC7QLzSI5hY/rOAw=="],

    "@esbuild/freebsd-x64": ["@esbuild/freebsd-x64@0.28.1", "", { "os": "freebsd", "cpu": "x64" }, "sha512-i7dZ9vQgnvSCzi/rYCXNgtF/U+eKZNJBzu3eTQbRgHnM7tNSizLOkRFAl3qzVc/Op/u5YkHHa4pf/3DOYHthLQ=="],

    "@esbuild/linux-arm": ["@esbuild/linux-arm@0.28.1", "", { "os": "linux", "cpu": "arm" }, "sha512-qVXBOHQS+d5Y722GwJzJUtOLlX7km3CraOaGormF1pDtPd2C/l1SHRPgjLunLGe51Sh5YYWKMFDyV4SxgMQYTQ=="],

    "@esbuild/linux-arm64": ["@esbuild/linux-arm64@0.28.1", "", { "os": "linux", "cpu": "arm64" }, "sha512-yHs+0uc8+nvEAfAfxrWQKK5peSNzBc4PegcMO0EJ2hT71uA7vB8Ihg2e77R2P7SG5uYjPbHlLLmve4LLLRCf0g=="],

    "@esbuild/linux-ia32": ["@esbuild/linux-ia32@0.28.1", "", { "os": "linux", "cpu": "ia32" }, "sha512-d1z4ZuP0ajrfz/FhGT4vv278rX8KnPPJx8i5+AtK7TYbx9Le9F1hyzurZpkEyjkGa9dUGhQow4C1NmeGvqxN2w=="],

    "@esbuild/linux-loong64": ["@esbuild/linux-loong64@0.28.1", "", { "os": "linux", "cpu": "none" }, "sha512-M5sRjUVZrkm1OAPR3dlOYzNmN+loZKGVi1VUQGrwuqLcbR6qeAz+famMhjASeH3YVKvZz+zT1jlh/keC3Rj/lg=="],

    "@esbuild/linux-mips64el": ["@esbuild/linux-mips64el@0.28.1", "", { "os": "linux", "cpu": "none" }, "sha512-mRObBZeHh2OxcBFPWE/FjylkRgZdYuiTR3vaTozquCGOH14iP9oN4x4Ge81CoIDYQrXmIxpFumJBu5MtZpnQJQ=="],

    "@esbuild/linux-ppc64": ["@esbuild/linux-ppc64@0.28.1", "", { "os": "linux", "cpu": "ppc64" }, "sha512-slScBsMAb3GFDcdrCgLwZtPYRoH2H/youv10QiZyRjmsP48fznoveWytSgCI/R0ZcUgpc0ZhIUEx6LHts8yrfQ=="],

    "@esbuild/linux-riscv64": ["@esbuild/linux-riscv64@0.28.1", "", { "os": "linux", "cpu": "none" }, "sha512-kw0owk1o0GFETUJyW0jc0G4Yzs0BHZn0JDZ8JRT088vjJYX777BAs1fDGxAC+q831qOs2DTC96mNsG2opdfyyQ=="],

    "@esbuild/linux-s390x": ["@esbuild/linux-s390x@0.28.1", "", { "os": "linux", "cpu": "s390x" }, "sha512-/lAIjX8aYFRByhh6L5rYtPEDRqa9de/4V/juOXcta5frjvzXO4/sqEtyytse0g3zZFuWu5cDN0MkLz2qRDD2Ag=="],

    "@esbuild/linux-x64": ["@esbuild/linux-x64@0.28.1", "", { "os": "linux", "cpu": "x64" }, "sha512-u/anNYF2mmVOEDwLtnQ1wOr3EZ9sTNGLWrsYGYwHWzGA3Si84IOkHXlbWTD1NB+9/1lcnweYKO54uhxZydNzfA=="],

    "@esbuild/netbsd-arm64": ["@esbuild/netbsd-arm64@0.28.1", "", { "os": "none", "cpu": "arm64" }, "sha512-oks0DYbLwWMmaakTsCb+zL4E+aHRVLom9IJZOAthMQEPiQmydXHkziYEsGYRx0uNV/IjEKGAV941JzH02pflqw=="],

    "@esbuild/netbsd-x64": ["@esbuild/netbsd-x64@0.28.1", "", { "os": "none", "cpu": "x64" }, "sha512-aeL6lAnN89Hz43Mlh1G8ARasbuoYvSITDEx0tHh5b7jJnHcssqgjy9Yx430GDpmCa6OyrKoS0aNRjKundRizGg=="],

    "@esbuild/openbsd-arm64": ["@esbuild/openbsd-arm64@0.28.1", "", { "os": "openbsd", "cpu": "arm64" }, "sha512-MEFJe5C3R8pwXdZ5Y21oo6m7ePiS0d9pWucn99O/wvyJZChoIQKrQDxKrGeW8F5+T0okTHesAmDeiHDTIq0V/Q=="],

    "@esbuild/openbsd-x64": ["@esbuild/openbsd-x64@0.28.1", "", { "os": "openbsd", "cpu": "x64" }, "sha512-i/ZLIOafE0Z8cI/XANJAixoJL/uRAoS2xOA3rb0xN+KK0K177cMAsQYkzHtBrtMXAKuAc7HGgcWiZ/sRC1Nxgw=="],

    "@esbuild/openharmony-arm64": ["@esbuild/openharmony-arm64@0.28.1", "", { "os": "none", "cpu": "arm64" }, "sha512-ge+Z7EXFNt2BO1oAMsVpiQ8EwndV9i1xXerAeTIK7AtPs3bKFXQM7nlRxDSIUIMeueR1CNXxqztLzdNeReKBJg=="],

    "@esbuild/sunos-x64": ["@esbuild/sunos-x64@0.28.1", "", { "os": "sunos", "cpu": "x64" }, "sha512-BEjgtECkL3vY+SaSQ6nzVfiALUeFxpawyp8Jmf5PtYhf1Ug40N1h/hxlhts+f1FvSvarEigdxS3BlSMI2PJLcQ=="],

    "@esbuild/win32-arm64": ["@esbuild/win32-arm64@0.28.1", "", { "os": "win32", "cpu": "arm64" }, "sha512-lCv9eK/H6ZJWbE7bh2nw54CZ9M2nupBxJcTsdk/QQnWkdSjKGuxmmH8/GWrlT1eMmZfn4dGcCjRte397WqfQXA=="],

    "@esbuild/win32-ia32": ["@esbuild/win32-ia32@0.28.1", "", { "os": "win32", "cpu": "ia32" }, "sha512-zvb/mB2bSCoJOpoCBgYKKpX6YM6mJBlBUVUtVj41DlZJVEB6/0CKlRYxP5wWl1C1ILiCoAU5wZZ4q1P3qeS6Eg=="],

    "@esbuild/win32-x64": ["@esbuild/win32-x64@0.28.1", "", { "os": "win32", "cpu": "x64" }, "sha512-bm4Mowrv+GXMlpWX++EcXw/iLyd1o3+bJkC2DkWXYVvgZCqD/bSj9ctZeAMC3cIxgjRVR2Dufaiu4YPxr5gW1A=="],

    "@ethersproject/abi": ["@ethersproject/abi@5.8.0", "", { "dependencies": { "@ethersproject/address": "^5.8.0", "@ethersproject/bignumber": "^5.8.0", "@ethersproject/bytes": "^5.8.0", "@ethersproject/constants": "^5.8.0", "@ethersproject/hash": "^5.8.0", "@ethersproject/keccak256": "^5.8.0", "@ethersproject/logger": "^5.8.0", "@ethersproject/properties": "^5.8.0", "@ethersproject/strings": "^5.8.0" } }, "sha512-b9YS/43ObplgyV6SlyQsG53/vkSal0MNA1fskSC4mbnCMi8R+NkcH8K9FPYNESf6jUefBUniE4SOKms0E/KK1Q=="],

    "@ethersproject/abstract-provider": ["@ethersproject/abstract-provider@5.8.0", "", { "dependencies": { "@ethersproject/bignumber": "^5.8.0", "@ethersproject/bytes": "^5.8.0", "@ethersproject/logger": "^5.8.0", "@ethersproject/networks": "^5.8.0", "@ethersproject/properties": "^5.8.0", "@ethersproject/transactions": "^5.8.0", "@ethersproject/web": "^5.8.0" } }, "sha512-wC9SFcmh4UK0oKuLJQItoQdzS/qZ51EJegK6EmAWlh+OptpQ/npECOR3QqECd8iGHC0RJb4WKbVdSfif4ammrg=="],

    "@ethersproject/abstract-signer": ["@ethersproject/abstract-signer@5.8.0", "", { "dependencies": { "@ethersproject/abstract-provider": "^5.8.0", "@ethersproject/bignumber": "^5.8.0", "@ethersproject/bytes": "^5.8.0", "@ethersproject/logger": "^5.8.0", "@ethersproject/properties": "^5.8.0" } }, "sha512-N0XhZTswXcmIZQdYtUnd79VJzvEwXQw6PK0dTl9VoYrEBxxCPXqS0Eod7q5TNKRxe1/5WUMuR0u0nqTF/avdCA=="],

    "@ethersproject/address": ["@ethersproject/address@5.6.1", "", { "dependencies": { "@ethersproject/bignumber": "^5.6.2", "@ethersproject/bytes": "^5.6.1", "@ethersproject/keccak256": "^5.6.1", "@ethersproject/logger": "^5.6.0", "@ethersproject/rlp": "^5.6.1" } }, "sha512-uOgF0kS5MJv9ZvCz7x6T2EXJSzotiybApn4XlOgoTX0xdtyVIJ7pF+6cGPxiEq/dpBiTfMiw7Yc81JcwhSYA0Q=="],

    "@ethersproject/base64": ["@ethersproject/base64@5.8.0", "", { "dependencies": { "@ethersproject/bytes": "^5.8.0" } }, "sha512-lN0oIwfkYj9LbPx4xEkie6rAMJtySbpOAFXSDVQaBnAzYfB4X2Qr+FXJGxMoc3Bxp2Sm8OwvzMrywxyw0gLjIQ=="],

    "@ethersproject/bignumber": ["@ethersproject/bignumber@5.8.0", "", { "dependencies": { "@ethersproject/bytes": "^5.8.0", "@ethersproject/logger": "^5.8.0", "bn.js": "^5.2.1" } }, "sha512-ZyaT24bHaSeJon2tGPKIiHszWjD/54Sz8t57Toch475lCLljC6MgPmxk7Gtzz+ddNN5LuHea9qhAe0x3D+uYPA=="],

    "@ethersproject/bytes": ["@ethersproject/bytes@5.8.0", "", { "dependencies": { "@ethersproject/logger": "^5.8.0" } }, "sha512-vTkeohgJVCPVHu5c25XWaWQOZ4v+DkGoC42/TS2ond+PARCxTJvgTFUNDZovyQ/uAQ4EcpqqowKydcdmRKjg7A=="],

    "@ethersproject/constants": ["@ethersproject/constants@5.8.0", "", { "dependencies": { "@ethersproject/bignumber": "^5.8.0" } }, "sha512-wigX4lrf5Vu+axVTIvNsuL6YrV4O5AXl5ubcURKMEME5TnWBouUh0CDTWxZ2GpnRn1kcCgE7l8O5+VbV9QTTcg=="],

    "@ethersproject/hash": ["@ethersproject/hash@5.8.0", "", { "dependencies": { "@ethersproject/abstract-signer": "^5.8.0", "@ethersproject/address": "^5.8.0", "@ethersproject/base64": "^5.8.0", "@ethersproject/bignumber": "^5.8.0", "@ethersproject/bytes": "^5.8.0", "@ethersproject/keccak256": "^5.8.0", "@ethersproject/logger": "^5.8.0", "@ethersproject/properties": "^5.8.0", "@ethersproject/strings": "^5.8.0" } }, "sha512-ac/lBcTbEWW/VGJij0CNSw/wPcw9bSRgCB0AIBz8CvED/jfvDoV9hsIIiWfvWmFEi8RcXtlNwp2jv6ozWOsooA=="],

    "@ethersproject/keccak256": ["@ethersproject/keccak256@5.8.0", "", { "dependencies": { "@ethersproject/bytes": "^5.8.0", "js-sha3": "0.8.0" } }, "sha512-A1pkKLZSz8pDaQ1ftutZoaN46I6+jvuqugx5KYNeQOPqq+JZ0Txm7dlWesCHB5cndJSu5vP2VKptKf7cksERng=="],

    "@ethersproject/logger": ["@ethersproject/logger@5.8.0", "", {}, "sha512-Qe6knGmY+zPPWTC+wQrpitodgBfH7XoceCGL5bJVejmH+yCS3R8jJm8iiWuvWbG76RUmyEG53oqv6GMVWqunjA=="],

    "@ethersproject/networks": ["@ethersproject/networks@5.8.0", "", { "dependencies": { "@ethersproject/logger": "^5.8.0" } }, "sha512-egPJh3aPVAzbHwq8DD7Po53J4OUSsA1MjQp8Vf/OZPav5rlmWUaFLiq8cvQiGK0Z5K6LYzm29+VA/p4RL1FzNg=="],

    "@ethersproject/properties": ["@ethersproject/properties@5.8.0", "", { "dependencies": { "@ethersproject/logger": "^5.8.0" } }, "sha512-PYuiEoQ+FMaZZNGrStmN7+lWjlsoufGIHdww7454FIaGdbe/p5rnaCXTr5MtBYl3NkeoVhHZuyzChPeGeKIpQw=="],

    "@ethersproject/rlp": ["@ethersproject/rlp@5.8.0", "", { "dependencies": { "@ethersproject/bytes": "^5.8.0", "@ethersproject/logger": "^5.8.0" } }, "sha512-LqZgAznqDbiEunaUvykH2JAoXTT9NV0Atqk8rQN9nx9SEgThA/WMx5DnW8a9FOufo//6FZOCHZ+XiClzgbqV9Q=="],

    "@ethersproject/signing-key": ["@ethersproject/signing-key@5.8.0", "", { "dependencies": { "@ethersproject/bytes": "^5.8.0", "@ethersproject/logger": "^5.8.0", "@ethersproject/properties": "^5.8.0", "bn.js": "^5.2.1", "elliptic": "6.6.1", "hash.js": "1.1.7" } }, "sha512-LrPW2ZxoigFi6U6aVkFN/fa9Yx/+4AtIUe4/HACTvKJdhm0eeb107EVCIQcrLZkxaSIgc/eCrX8Q1GtbH+9n3w=="],

    "@ethersproject/strings": ["@ethersproject/strings@5.8.0", "", { "dependencies": { "@ethersproject/bytes": "^5.8.0", "@ethersproject/constants": "^5.8.0", "@ethersproject/logger": "^5.8.0" } }, "sha512-qWEAk0MAvl0LszjdfnZ2uC8xbR2wdv4cDabyHiBh3Cldq/T8dPH3V4BbBsAYJUeonwD+8afVXld274Ls+Y1xXg=="],

    "@ethersproject/transactions": ["@ethersproject/transactions@5.8.0", "", { "dependencies": { "@ethersproject/address": "^5.8.0", "@ethersproject/bignumber": "^5.8.0", "@ethersproject/bytes": "^5.8.0", "@ethersproject/constants": "^5.8.0", "@ethersproject/keccak256": "^5.8.0", "@ethersproject/logger": "^5.8.0", "@ethersproject/properties": "^5.8.0", "@ethersproject/rlp": "^5.8.0", "@ethersproject/signing-key": "^5.8.0" } }, "sha512-UglxSDjByHG0TuU17bDfCemZ3AnKO2vYrL5/2n2oXvKzvb7Cz+W9gOWXKARjp2URVwcWlQlPOEQyAviKwT4AHg=="],

    "@ethersproject/web": ["@ethersproject/web@5.8.0", "", { "dependencies": { "@ethersproject/base64": "^5.8.0", "@ethersproject/bytes": "^5.8.0", "@ethersproject/logger": "^5.8.0", "@ethersproject/properties": "^5.8.0", "@ethersproject/strings": "^5.8.0" } }, "sha512-j7+Ksi/9KfGviws6Qtf9Q7KCqRhpwrYKQPs+JBA/rKVFF/yaWLHJEH3zfVP2plVu+eys0d2DlFmhoQJayFewcw=="],

    "@fastify/busboy": ["@fastify/busboy@2.1.1", "", {}, "sha512-vBZP4NlzfOlerQTnba4aqZoMhE/a9HY7HRqoOPaETQcSQuWEIyZMHGfVu6w9wGtGK5fED5qRs2DteVCjOH60sA=="],

    "@jest/schemas": ["@jest/schemas@29.6.3", "", { "dependencies": { "@sinclair/typebox": "^0.27.8" } }, "sha512-mo5j5X+jIZmJQveBKeS/clAueipV7KgiX1vMgCxam1RNYiqE1w62n0/tJJnHtjW8ZHcQco5gY85jA3mi0L+nSA=="],

    "@noble/ciphers": ["@noble/ciphers@1.2.1", "", {}, "sha512-rONPWMC7PeExE077uLE4oqWrZ1IvAfz3oH9LibVAcVCopJiA9R62uavnbEzdkVmJYI6M6Zgkbeb07+tWjlq2XA=="],

    "@noble/curves": ["@noble/curves@1.9.1", "", { "dependencies": { "@noble/hashes": "1.8.0" } }, "sha512-k11yZxZg+t+gWvBbIswW0yoJlu8cHOC7dhunwOzoWH/mXGBiYyR4YY6hAEK/3EUs4UpB8la1RfdRpeGsFHkWsA=="],

    "@noble/hashes": ["@noble/hashes@1.8.0", "", {}, "sha512-jCs9ldd7NwzpgXDIf6P3+NrHh9/sD6CQdxHyjQI+h/6rDNo88ypBxxz45UDuZHz9r3tNz7N/VInSVoVdtXEI4A=="],

    "@nomicfoundation/edr": ["@nomicfoundation/edr@0.12.1", "", { "dependencies": { "@nomicfoundation/edr-darwin-arm64": "0.12.1", "@nomicfoundation/edr-darwin-x64": "0.12.1", "@nomicfoundation/edr-linux-arm64-gnu": "0.12.1", "@nomicfoundation/edr-linux-arm64-musl": "0.12.1", "@nomicfoundation/edr-linux-x64-gnu": "0.12.1", "@nomicfoundation/edr-linux-x64-musl": "0.12.1", "@nomicfoundation/edr-win32-x64-msvc": "0.12.1" } }, "sha512-1U8C+kiVMIbVkOW+Sa7sUm9glSaB5cMe7UJ9wCOHFPpBBUQgStgrgAOWOahRL0vKRUjHUpuQpg47cRcUSdmW/A=="],

    "@nomicfoundation/edr-darwin-arm64": ["@nomicfoundation/edr-darwin-arm64@0.12.1", "", {}, "sha512-KRB7oRupR2CqGHTACDhdS/EJGLN2rft1+5UNeimbXYe9nS3usUNGjNJyIjvoxzFthqnFM3+vaDQwyIZfq/eRjw=="],

    "@nomicfoundation/edr-darwin-x64": ["@nomicfoundation/edr-darwin-x64@0.12.1", "", {}, "sha512-h6J3otsX5ib1md5V/M281ZS37FC6mAH8QlxVi3YMe9wOpEOpBRkqfhQAeFCekdx+5pqNHO/STi5OyKwCd4YAfw=="],

    "@nomicfoundation/edr-linux-arm64-gnu": ["@nomicfoundation/edr-linux-arm64-gnu@0.12.1", "", {}, "sha512-yqJcBgusn+MQFCemVrm7VIYjqQLaFouo0DBAbApE0GHQ7MnVFmbW2d2WCEln3jZOZgY0FH0tfnQw/NfK2xo2zg=="],

    "@nomicfoundation/edr-linux-arm64-musl": ["@nomicfoundation/edr-linux-arm64-musl@0.12.1", "", {}, "sha512-JPkUOazqotQMvU2wsOQymxusCKyWaWdqHyxQKqwrqz81O+jOEXvMHUp20a6cRbVGOoGHx334ORj+daSGKvt5og=="],

    "@nomicfoundation/edr-linux-x64-gnu": ["@nomicfoundation/edr-linux-x64-gnu@0.12.1", "", {}, "sha512-pM3cP316WgSUUy6MW2FuWgjZuonCYULED8Mn1mIK6NfwzTKooves/KjBDzIzr7Mvht9SwF/tT0KRjHPf/9E8gg=="],

    "@nomicfoundation/edr-linux-x64-musl": ["@nomicfoundation/edr-linux-x64-musl@0.12.1", "", {}, "sha512-Rw7hhyk8PdZy3bBYVJrQX1M1AIBhy4vFnWPfbdY50c+ZfX/c82PYVg+B92+XaC5avMon/KiIhfB2fNLcyJy4uw=="],

    "@nomicfoundation/edr-win32-x64-msvc": ["@nomicfoundation/edr-win32-x64-msvc@0.12.1", "", {}, "sha512-z2ILUf8P/oqG8t2tkPCpmhzSpo+LMZylLFUPGMgugHwe8OX1GyU11g0bQU8SoIwHozy7MLzTMX0NZ/14LWSN7Q=="],

    "@nomicfoundation/hardhat-errors": ["@nomicfoundation/hardhat-errors@3.0.16", "", { "dependencies": { "@nomicfoundation/hardhat-utils": "^4.1.4" } }, "sha512-z3hxWX2vG0C0JBojKHcUjArOXftHQZ2cPnHOSReILq6/UZXuzm9WIEBDPbotH2tgjRDKBlh0+XOpJZjFhEODIw=="],

    "@nomicfoundation/hardhat-ignition": ["@nomicfoundation/hardhat-ignition@3.1.8", "", { "dependencies": { "@nomicfoundation/hardhat-errors": "^3.0.16", "@nomicfoundation/hardhat-utils": "^4.1.4", "@nomicfoundation/ignition-core": "^3.1.8", "@nomicfoundation/ignition-ui": "^3.1.2", "json5": "^2.2.3", "prompts": "^2.4.2" }, "peerDependencies": { "@nomicfoundation/hardhat-verify": "^3.0.0", "hardhat": "^3.8.0" } }, "sha512-zVsR1SA1gqjd3SF3C+BljttSEMOaIbSIEvHgFhXF/A1IgeecJYD/MqGcvGAW4s51r5ZGQnUSl9t/5VQKvuExlw=="],

    "@nomicfoundation/hardhat-ignition-viem": ["@nomicfoundation/hardhat-ignition-viem@3.1.6", "", { "dependencies": { "@nomicfoundation/hardhat-errors": "^3.0.15" }, "peerDependencies": { "@nomicfoundation/hardhat-ignition": "^3.1.2", "@nomicfoundation/hardhat-verify": "^3.0.0", "@nomicfoundation/hardhat-viem": "^3.0.4", "@nomicfoundation/ignition-core": "^3.0.7", "hardhat": "^3.8.0", "viem": "^2.47.6" } }, "sha512-ggjHftjDNLQPnHBMEtDcTafYJfTzqTMlorKlAWj0HunzwiDhC5p7ox2MuEGmZHqt2oVjrnPF5E+Dp3G0RlYRgg=="],

    "@nomicfoundation/hardhat-keystore": ["@nomicfoundation/hardhat-keystore@3.0.12", "", { "dependencies": { "@noble/ciphers": "1.2.1", "@noble/hashes": "1.7.1", "@nomicfoundation/hardhat-errors": "^3.0.15", "@nomicfoundation/hardhat-utils": "^4.1.3", "@nomicfoundation/hardhat-zod-utils": "^3.0.5", "zod": "^3.23.8" }, "peerDependencies": { "hardhat": "^3.8.0" } }, "sha512-uXySRPOOHtAg/RrwmqiQyw0QDA6Er3H6rB4su0J59mBPC/QHw9B5F9dDfF2u+FZn5LVWH6Gh58mEvJhRt0a4dQ=="],

    "@nomicfoundation/hardhat-network-helpers": ["@nomicfoundation/hardhat-network-helpers@3.0.11", "", { "dependencies": { "@nomicfoundation/hardhat-errors": "^3.0.16", "@nomicfoundation/hardhat-utils": "^4.1.4" }, "peerDependencies": { "hardhat": "^3.8.0" } }, "sha512-3/xuORejAOGbfqBmIen+OCHu9ExK9O8pjE11ILU9NcN37zy3GDbyNCKV9keK1gSjWWVb0okAlAR/yvewfEE4TA=="],

    "@nomicfoundation/hardhat-node-test-reporter": ["@nomicfoundation/hardhat-node-test-reporter@3.1.0", "", { "dependencies": { "@actions/core": "^1.10.1", "jest-diff": "^29.7.0" } }, "sha512-mcVaJyqQnryVOv/fWmo0IofVfRYvcoLyzR+D2LiLLtxvmmMTYLYW5ktPk0XHuJ+UBK735aZTrMTDUR3S/x9Edw=="],

    "@nomicfoundation/hardhat-node-test-runner": ["@nomicfoundation/hardhat-node-test-runner@3.0.17", "", { "dependencies": { "@nomicfoundation/hardhat-errors": "^3.0.15", "@nomicfoundation/hardhat-node-test-reporter": "^3.1.0", "@nomicfoundation/hardhat-utils": "^4.1.2", "@nomicfoundation/hardhat-zod-utils": "^3.0.5", "tsx": "^4.19.3", "zod": "^3.23.8" }, "peerDependencies": { "hardhat": "^3.8.0" } }, "sha512-zn+5BJ00n9pCFIAKJDegf65P7AM8+tcgCsrtXkjVH7wA46jssGaKQ8VduTwoekfZn8DdmwPTL7MWXqwjSS/Lkg=="],

    "@nomicfoundation/hardhat-toolbox-viem": ["@nomicfoundation/hardhat-toolbox-viem@5.0.7", "", { "peerDependencies": { "@nomicfoundation/hardhat-ignition": "^3.0.7", "@nomicfoundation/hardhat-ignition-viem": "^3.0.7", "@nomicfoundation/hardhat-keystore": "^3.0.0", "@nomicfoundation/hardhat-network-helpers": "^3.0.0", "@nomicfoundation/hardhat-node-test-runner": "^3.0.0", "@nomicfoundation/hardhat-verify": "^3.0.0", "@nomicfoundation/hardhat-viem": "^3.0.4", "@nomicfoundation/hardhat-viem-assertions": "^3.0.5", "@nomicfoundation/ignition-core": "^3.0.7", "hardhat": "^3.8.0", "viem": "^2.47.6" } }, "sha512-aHF77tTYmBIbuxY99KKBPx4cLWdcQvvar1PpzWJyrDgC+P6rA7Edi1GpvvPcwO/HdfZXuACQ74zSS2PnmJu3mA=="],

    "@nomicfoundation/hardhat-utils": ["@nomicfoundation/hardhat-utils@4.1.4", "", { "dependencies": { "@streamparser/json-node": "^0.0.22", "env-paths": "^2.2.0", "ethereum-cryptography": "^2.2.1", "fast-equals": "^5.4.0", "json-stream-stringify": "^3.1.6", "rfdc": "^1.3.1", "undici": "^6.16.1" } }, "sha512-DEAu/uIBTNkPedfTnokh6tKum/Kxr5xMlh8ZovBGqlKA8AlxP26J0PBjK73fmeUQ0sh432suWksSr5CtHVG04A=="],

    "@nomicfoundation/hardhat-vendored": ["@nomicfoundation/hardhat-vendored@3.0.4", "", {}, "sha512-RO8Otj1FvRvxJmXzkxh1vTwK/+cqSVPYLqY6RrWkmzHEEcxnAwAFsBYdW7xyTEyW/pVbSSNd2gs3aoGdGZaoNA=="],

    "@nomicfoundation/hardhat-verify": ["@nomicfoundation/hardhat-verify@3.0.21", "", { "dependencies": { "@ethersproject/abi": "^5.8.0", "@nomicfoundation/hardhat-errors": "^3.0.16", "@nomicfoundation/hardhat-utils": "^4.1.4", "@nomicfoundation/hardhat-zod-utils": "^3.0.5", "cbor2": "^1.9.0", "zod": "^3.23.8" }, "peerDependencies": { "hardhat": "^3.8.0" } }, "sha512-kaV9BfmFw5VbjMEyyQxoXVe0qwkEUi7wfi/WVTiVU0mdUUwojvk8hv0oT87vHO6FeYVGAcN/FEwmYZqBOiip6Q=="],

    "@nomicfoundation/hardhat-viem": ["@nomicfoundation/hardhat-viem@3.0.9", "", { "dependencies": { "@nomicfoundation/hardhat-errors": "^3.0.15", "@nomicfoundation/hardhat-utils": "^4.1.2" }, "peerDependencies": { "hardhat": "^3.8.0", "viem": "^2.47.6" } }, "sha512-GtQ7l55C70Jj80yrZGdW7Kah0vPmEje29G/xVfcxchVxRRFdj1XyFZFn+7e53b11qhHMWDB787pVN+I8YZae3w=="],

    "@nomicfoundation/hardhat-viem-assertions": ["@nomicfoundation/hardhat-viem-assertions@3.1.2", "", { "dependencies": { "@nomicfoundation/hardhat-errors": "^3.0.16", "@nomicfoundation/hardhat-utils": "^4.1.4" }, "peerDependencies": { "@nomicfoundation/hardhat-viem": "^3.0.4", "hardhat": "^3.8.0", "viem": "^2.47.6" } }, "sha512-vMdyBnvgAD/2uZVzDwWc4ynGekxEQx/1LJ3gIXmsJtAPWENolfBXs3fHCxnA48he7lldyEsymZaNya8MZBLYwA=="],

    "@nomicfoundation/hardhat-zod-utils": ["@nomicfoundation/hardhat-zod-utils@3.0.5", "", { "dependencies": { "@nomicfoundation/hardhat-errors": "^3.0.13", "@nomicfoundation/hardhat-utils": "^4.1.2" }, "peerDependencies": { "zod": "^3.23.8" } }, "sha512-A1G9Jcizf/vYcGMtqkf+st94zBPTDB+bXXlojOMu77gmBZYbywY0k7hdRM2B4uJY+8nM0oe0sNVGVkARITXdcw=="],

    "@nomicfoundation/ignition-core": ["@nomicfoundation/ignition-core@3.1.8", "", { "dependencies": { "@ethersproject/address": "5.6.1", "@nomicfoundation/hardhat-errors": "^3.0.16", "@nomicfoundation/hardhat-utils": "^4.1.4", "@nomicfoundation/solidity-analyzer": "^0.1.1", "cbor2": "^1.9.0", "ethers": "^6.14.0", "immer": "10.0.2", "lodash-es": "4.17.21", "ndjson": "2.0.0" } }, "sha512-HJsV8WNa3wa9g8eqNqT4ZsgEI/zNEmByHCro6yHRc+E1VbCZCalXScgZ2ZSjsZlvQdMw19sk8av1YIxRm28rRw=="],

    "@nomicfoundation/ignition-ui": ["@nomicfoundation/ignition-ui@3.1.2", "", {}, "sha512-OoS5eQi9WBeiYI6EXurhqrpr6syRVhnaUzdx5fyK/1syKGq9BsjWWHXTNru0qk5ZFQ9f/KMTZotcDZD4eAdCpg=="],

    "@nomicfoundation/solidity-analyzer": ["@nomicfoundation/solidity-analyzer@0.1.2", "", { "optionalDependencies": { "@nomicfoundation/solidity-analyzer-darwin-arm64": "0.1.2", "@nomicfoundation/solidity-analyzer-darwin-x64": "0.1.2", "@nomicfoundation/solidity-analyzer-linux-arm64-gnu": "0.1.2", "@nomicfoundation/solidity-analyzer-linux-arm64-musl": "0.1.2", "@nomicfoundation/solidity-analyzer-linux-x64-gnu": "0.1.2", "@nomicfoundation/solidity-analyzer-linux-x64-musl": "0.1.2", "@nomicfoundation/solidity-analyzer-win32-x64-msvc": "0.1.2" } }, "sha512-q4n32/FNKIhQ3zQGGw5CvPF6GTvDCpYwIf7bEY/dZTZbgfDsHyjJwURxUJf3VQuuJj+fDIFl4+KkBVbw4Ef6jA=="],

    "@nomicfoundation/solidity-analyzer-darwin-arm64": ["@nomicfoundation/solidity-analyzer-darwin-arm64@0.1.2", "", {}, "sha512-JaqcWPDZENCvm++lFFGjrDd8mxtf+CtLd2MiXvMNTBD33dContTZ9TWETwNFwg7JTJT5Q9HEecH7FA+HTSsIUw=="],

    "@nomicfoundation/solidity-analyzer-darwin-x64": ["@nomicfoundation/solidity-analyzer-darwin-x64@0.1.2", "", {}, "sha512-fZNmVztrSXC03e9RONBT+CiksSeYcxI1wlzqyr0L7hsQlK1fzV+f04g2JtQ1c/Fe74ZwdV6aQBdd6Uwl1052sw=="],

    "@nomicfoundation/solidity-analyzer-linux-arm64-gnu": ["@nomicfoundation/solidity-analyzer-linux-arm64-gnu@0.1.2", "", {}, "sha512-3d54oc+9ZVBuB6nbp8wHylk4xh0N0Gc+bk+/uJae+rUgbOBwQSfuGIbAZt1wBXs5REkSmynEGcqx6DutoK0tPA=="],

    "@nomicfoundation/solidity-analyzer-linux-arm64-musl": ["@nomicfoundation/solidity-analyzer-linux-arm64-musl@0.1.2", "", {}, "sha512-iDJfR2qf55vgsg7BtJa7iPiFAsYf2d0Tv/0B+vhtnI16+wfQeTbP7teookbGvAo0eJo7aLLm0xfS/GTkvHIucA=="],

    "@nomicfoundation/solidity-analyzer-linux-x64-gnu": ["@nomicfoundation/solidity-analyzer-linux-x64-gnu@0.1.2", "", {}, "sha512-9dlHMAt5/2cpWyuJ9fQNOUXFB/vgSFORg1jpjX1Mh9hJ/MfZXlDdHQ+DpFCs32Zk5pxRBb07yGvSHk9/fezL+g=="],

    "@nomicfoundation/solidity-analyzer-linux-x64-musl": ["@nomicfoundation/solidity-analyzer-linux-x64-musl@0.1.2", "", {}, "sha512-GzzVeeJob3lfrSlDKQw2bRJ8rBf6mEYaWY+gW0JnTDHINA0s2gPR4km5RLIj1xeZZOYz4zRw+AEeYgLRqB2NXg=="],

    "@nomicfoundation/solidity-analyzer-win32-x64-msvc": ["@nomicfoundation/solidity-analyzer-win32-x64-msvc@0.1.2", "", {}, "sha512-Fdjli4DCcFHb4Zgsz0uEJXZ2K7VEO+w5KVv7HmT7WO10iODdU9csC2az4jrhEsRtiR9Gfd74FlG0NYlw1BMdyA=="],

    "@openzeppelin/contracts": ["@openzeppelin/contracts@5.6.1", "", {}, "sha512-Ly6SlsVJ3mj+b18W3R8gNufB7dTICT105fJhodGAGgyC2oqnBAhqSiNDJ8V8DLY05cCz81GLI0CU5vNYA1EC/w=="],

    "@scure/base": ["@scure/base@1.2.6", "", {}, "sha512-g/nm5FgUa//MCj1gV09zTJTaM6KBAHqLN907YVQqf7zC49+DcO4B1so4ZX07Ef10Twr6nuqYEH9GEggFXA4Fmg=="],

    "@scure/bip32": ["@scure/bip32@1.7.0", "", { "dependencies": { "@noble/curves": "~1.9.0", "@noble/hashes": "~1.8.0", "@scure/base": "~1.2.5" } }, "sha512-E4FFX/N3f4B80AKWp5dP6ow+flD1LQZo/w8UnLGYZO674jS6YnYeepycOOksv+vLPSpgN35wgKgy+ybfTb2SMw=="],

    "@scure/bip39": ["@scure/bip39@1.6.0", "", { "dependencies": { "@noble/hashes": "~1.8.0", "@scure/base": "~1.2.5" } }, "sha512-+lF0BbLiJNwVlev4eKelw1WWLaiKXw7sSl8T6FvBlWkdX+94aGJ4o8XjUdlyhTCjd8c+B3KT3JfS8P0bLRNU6A=="],

    "@sentry/core": ["@sentry/core@9.47.1", "", {}, "sha512-KX62+qIt4xgy8eHKHiikfhz2p5fOciXd0Cl+dNzhgPFq8klq4MGMNaf148GB3M/vBqP4nw/eFvRMAayFCgdRQw=="],

    "@sinclair/typebox": ["@sinclair/typebox@0.27.10", "", {}, "sha512-MTBk/3jGLNB2tVxv6uLlFh1iu64iYOQ2PbdOSK3NW8JZsmlaOh2q6sdtKowBhfw8QFLmYNzTW4/oK4uATIi6ZA=="],

    "@streamparser/json": ["@streamparser/json@0.0.22", "", {}, "sha512-b6gTSBjJ8G8SuO3Gbbj+zXbVx8NSs1EbpbMKpzGLWMdkR+98McH9bEjSz3+0mPJf68c5nxa3CrJHp5EQNXM6zQ=="],

    "@streamparser/json-node": ["@streamparser/json-node@0.0.22", "", { "dependencies": { "@streamparser/json": "^0.0.22" } }, "sha512-sJT2ptNRwqB1lIsQrQlCoWk5rF4tif9wDh+7yluAGijJamAhrHGYpFB/Zg3hJeceoZypi74ftXk8DHzwYpbZSg=="],

    "@types/bun": ["@types/bun@1.3.14", "", { "dependencies": { "bun-types": "1.3.14" } }, "sha512-h1hFqFVcvAvD9j9K7ZW7vd82aSA+rTdznZa+5bwvCwqSB1jmmfLcbIWhOLx1/+boy/xmjgCs/OMUL8hRJSmnPw=="],

    "@types/node": ["@types/node@26.1.0", "", { "dependencies": { "undici-types": "~8.3.0" } }, "sha512-O0A1G3xPGy4w7AgQdAQYUlQ+BKk2Oovw8eRpofyp5KdBZULnbe+WqaOVNrm705SHphCiG4XHsACrSmPu1f+Kgw=="],

    "abitype": ["abitype@1.2.3", "", { "peerDependencies": { "typescript": ">=5.0.4", "zod": "^3.22.0 || ^4.0.0" }, "optionalPeers": ["typescript", "zod"] }, "sha512-Ofer5QUnuUdTFsBRwARMoWKOH1ND5ehwYhJ3OJ/BQO+StkwQjHw0XyVh4vDttzHB7QOFhPHa/o413PJ82gU/Tg=="],

    "adm-zip": ["adm-zip@0.4.16", "", {}, "sha512-TFi4HBKSGfIKsK5YCkKaaFG2m4PEDyViZmEwof3MTIgzimHLto6muaHVpbrljdIvIrFZzEq/p4nafOeLcYegrg=="],

    "aes-js": ["aes-js@4.0.0-beta.5", "", {}, "sha512-G965FqalsNyrPqgEGON7nIx1e/OVENSgiEIzyC63haUMuvNnwIgIjMs52hlTCKhkBny7A2ORNlfY9Zu+jmGk1Q=="],

    "ansi-colors": ["ansi-colors@4.1.3", "", {}, "sha512-/6w/C21Pm1A7aZitlI5Ni/2J6FFQN8i1Cvz3kHABAAbw93v/NlvKdVOqz7CCWz/3iv/JplRSEEZ83XION15ovw=="],

    "ansi-regex": ["ansi-regex@5.0.1", "", {}, "sha512-quJQXlTSUGL2LH9SUXo8VwsY4soanhgo6LNSm84E1LBcE8s3O0wpdiRzyR9z/ZZJMlMWv37qOOb9pdJlMUEKFQ=="],

    "ansi-styles": ["ansi-styles@4.3.0", "", { "dependencies": { "color-convert": "^2.0.1" } }, "sha512-zbB9rCJAT1rbjiVDb2hqKFHNYLxgtk8NURxZ3IZwD3F6NtxbXZQCnnSi1Lkx+IDohdPlFp222wVALIheZJQSEg=="],

    "bn.js": ["bn.js@5.2.4", "", {}, "sha512-QL7sb18rJ1PbdsKsqPA0guxL563vIMwRHgzNrW/uzQuRGN1Cjqd/wonUBAVqHox9KwzHA6vCbM0lXx3k4iQMow=="],

    "brorand": ["brorand@1.1.0", "", {}, "sha512-cKV8tMCEpQs4hK/ik71d6LrPOnpkpGBR0wzxqr68g2m/LB2GxVYQroAjMJZRVM1Y4BCjCKc3vAamxSzOY2RP+w=="],

    "bun-types": ["bun-types@1.3.14", "", { "dependencies": { "@types/node": "*" } }, "sha512-4N0ig0fEomHt5R0KCFWjovxow98rIoRwKolrYdCcknNwMekCXRnWEUvgu5soYV8QXtVsrUD8B95MBOZGPvr6KQ=="],

    "cbor2": ["cbor2@1.12.0", "", {}, "sha512-3Cco8XQhi27DogSp9Ri6LYNZLi/TBY/JVnDe+mj06NkBjW/ZYOtekaEU4wZ4xcRMNrFkDv8KNtOAqHyDfz3lYg=="],

    "chalk": ["chalk@4.1.2", "", { "dependencies": { "ansi-styles": "^4.1.0", "supports-color": "^7.1.0" } }, "sha512-oKnbhFyRIXpUuez8iBMmyEa4nbj4IOQyuhc/wy9kY7/WVPcwIO9VA668Pu8RkO7+0G76SLROeyw9CpQ061i4mA=="],

    "chokidar": ["chokidar@4.0.3", "", { "dependencies": { "readdirp": "^4.0.1" } }, "sha512-Qgzu8kfBvo+cA4962jnP1KkS6Dop5NS6g7R5LFYJr4b8Ub94PPQXUksCw9PvXoeXPRRddRNC5C1JQUR2SMGtnA=="],

    "color-convert": ["color-convert@2.0.1", "", { "dependencies": { "color-name": "~1.1.4" } }, "sha512-RRECPsj7iu/xb5oKYcsFHSppFNnsj/52OVTRKb4zP5onXwVF3zVmmToNcOfGC+CRDpfK/U584fMg38ZHCaElKQ=="],

    "color-name": ["color-name@1.1.4", "", {}, "sha512-dOy+3AuW3a2wNbZHIuMZpTcgjGuLU/uBL/ubcZF9OXbDo8ff4O8yVp5Bf0efS8uEoYo5q4Fx7dY9OgQGXgAsQA=="],

    "diff-sequences": ["diff-sequences@29.6.3", "", {}, "sha512-EjePK1srD3P08o2j4f0ExnylqRs5B9tJjcp9t1krH2qRi8CCdsYfwe9JgSLurFBWwq4uOlipzfk5fHNvwFKr8Q=="],

    "dotenv": ["dotenv@17.4.2", "", {}, "sha512-nI4U3TottKAcAD9LLud4Cb7b2QztQMUEfHbvhTH09bqXTxnSie8WnjPALV/WMCrJZ6UV/qHJ6L03OqO3LcdYZw=="],

    "elliptic": ["elliptic@6.6.1", "", { "dependencies": { "bn.js": "^4.11.9", "brorand": "^1.1.0", "hash.js": "^1.0.0", "hmac-drbg": "^1.0.1", "inherits": "^2.0.4", "minimalistic-assert": "^1.0.1", "minimalistic-crypto-utils": "^1.0.1" } }, "sha512-RaddvvMatK2LJHqFJ+YA4WysVN5Ita9E35botqIYspQ4TkRAlCicdzKOjlyv/1Za5RyTNn7di//eEV0uTAfe3g=="],

    "enquirer": ["enquirer@2.4.1", "", { "dependencies": { "ansi-colors": "^4.1.1", "strip-ansi": "^6.0.1" } }, "sha512-rRqJg/6gd538VHvR3PSrdRBb/1Vy2YfzHqzvbhGIQpDRKIa4FgV/54b5Q1xYSxOOwKvjXweS26E0Q+nAMwp2pQ=="],

    "env-paths": ["env-paths@2.2.1", "", {}, "sha512-+h1lkLKhZMTYjog1VEpJNG7NZJWcuc2DDk/qsqSTRRCOXiLjeQ1d1/udrUGhqMxUgAlwKNZ0cf2uqan5GLuS2A=="],

    "esbuild": ["esbuild@0.28.1", "", { "optionalDependencies": { "@esbuild/aix-ppc64": "0.28.1", "@esbuild/android-arm": "0.28.1", "@esbuild/android-arm64": "0.28.1", "@esbuild/android-x64": "0.28.1", "@esbuild/darwin-arm64": "0.28.1", "@esbuild/darwin-x64": "0.28.1", "@esbuild/freebsd-arm64": "0.28.1", "@esbuild/freebsd-x64": "0.28.1", "@esbuild/linux-arm": "0.28.1", "@esbuild/linux-arm64": "0.28.1", "@esbuild/linux-ia32": "0.28.1", "@esbuild/linux-loong64": "0.28.1", "@esbuild/linux-mips64el": "0.28.1", "@esbuild/linux-ppc64": "0.28.1", "@esbuild/linux-riscv64": "0.28.1", "@esbuild/linux-s390x": "0.28.1", "@esbuild/linux-x64": "0.28.1", "@esbuild/netbsd-arm64": "0.28.1", "@esbuild/netbsd-x64": "0.28.1", "@esbuild/openbsd-arm64": "0.28.1", "@esbuild/openbsd-x64": "0.28.1", "@esbuild/openharmony-arm64": "0.28.1", "@esbuild/sunos-x64": "0.28.1", "@esbuild/win32-arm64": "0.28.1", "@esbuild/win32-ia32": "0.28.1", "@esbuild/win32-x64": "0.28.1" }, "bin": { "esbuild": "bin/esbuild" } }, "sha512-HrJrvZv5ayxBzPfwphOoNzkzOIIlifzk0KJrGK2c8R4+LKpMtpYLQeUdjnwjWv/LZlkH2laZk+4w78pi99D4Vw=="],

    "ethereum-cryptography": ["ethereum-cryptography@2.2.1", "", { "dependencies": { "@noble/curves": "1.4.2", "@noble/hashes": "1.4.0", "@scure/bip32": "1.4.0", "@scure/bip39": "1.3.0" } }, "sha512-r/W8lkHSiTLxUxW8Rf3u4HGB0xQweG2RyETjywylKZSzLWoWAijRz8WCuOtJ6wah+avllXBqZuk29HCCvhEIRg=="],

    "ethers": ["ethers@6.17.0", "", { "dependencies": { "@adraffy/ens-normalize": "1.11.1", "@noble/curves": "1.2.0", "@noble/hashes": "1.3.2", "@types/node": "22.7.5", "aes-js": "4.0.0-beta.5", "tslib": "2.7.0", "ws": "8.21.0" } }, "sha512-BpyrpIPJ3ydEVow8zGaz1DuPS7YU8DcWxuBnY9a0UA/lvAPwrMr+EPXsfrul628SRaekPNeIM4UFh/91GWZang=="],

    "eventemitter3": ["eventemitter3@5.0.1", "", {}, "sha512-GWkBvjiSZK87ELrYOSESUYeVIc9mvLLf/nXalMOS5dYrgZq9o5OVkbZAVM06CVxYsCwH9BDZFPlQTlPA1j4ahA=="],

    "fast-equals": ["fast-equals@5.4.0", "", {}, "sha512-jt2DW/aNFNwke7AUd+Z+e6pz39KO5rzdbbFCg2sGafS4mk13MI7Z8O5z9cADNn5lhGODIgLwug6TZO2ctf7kcw=="],

    "fsevents": ["fsevents@2.3.3", "", { "os": "darwin" }, "sha512-5xoDfX+fL7faATnagmWPpbFtwh/R77WmMMqqHGS65C3vvB0YHrgF+B1YmZ3441tMj5n63k0212XNoJwzlhffQw=="],

    "hardhat": ["hardhat@3.9.1", "", { "dependencies": { "@nomicfoundation/edr": "0.12.1", "@nomicfoundation/hardhat-errors": "^3.0.16", "@nomicfoundation/hardhat-utils": "^4.1.4", "@nomicfoundation/hardhat-vendored": "^3.0.4", "@nomicfoundation/hardhat-zod-utils": "^3.0.5", "@nomicfoundation/solidity-analyzer": "^0.1.1", "@sentry/core": "^9.4.0", "adm-zip": "^0.4.16", "chokidar": "^4.0.3", "enquirer": "^2.3.0", "ethereum-cryptography": "^2.2.1", "micro-eth-signer": "^0.14.0", "p-map": "^7.0.2", "resolve.exports": "^2.0.3", "semver": "^7.6.3", "tsx": "^4.19.3", "ws": "^8.18.0", "zod": "^3.23.8" }, "bin": { "hardhat": "dist/src/cli.js" } }, "sha512-yg+0oH5tWqdsxITh6fAJjAWOSHOkC2VPlsJDJwoifs2QS1t7kyRciMy5O2F846qzH+4iqRn1rbv/5voykX3RSQ=="],

    "has-flag": ["has-flag@4.0.0", "", {}, "sha512-EykJT/Q1KjTWctppgIAgfSO0tKVuZUjhgMr17kqTumMl6Afv3EISleU7qZUzoXDFTAHTDC4NOoG/ZxU3EvlMPQ=="],

    "hash.js": ["hash.js@1.1.7", "", { "dependencies": { "inherits": "^2.0.3", "minimalistic-assert": "^1.0.1" } }, "sha512-taOaskGt4z4SOANNseOviYDvjEJinIkRgmp7LbKP2YTTmVxWBl87s/uzK9r+44BclBSp2X7K1hqeNfz9JbBeXA=="],

    "hmac-drbg": ["hmac-drbg@1.0.1", "", { "dependencies": { "hash.js": "^1.0.3", "minimalistic-assert": "^1.0.0", "minimalistic-crypto-utils": "^1.0.1" } }, "sha512-Tti3gMqLdZfhOQY1Mzf/AanLiqh1WTiJgEj26ZuYQ9fbkLomzGchCws4FyrSd4VkpBfiNhaE1On+lOz894jvXg=="],

    "immer": ["immer@10.0.2", "", {}, "sha512-Rx3CqeqQ19sxUtYV9CU911Vhy8/721wRFnJv3REVGWUmoAcIwzifTsdmJte/MV+0/XpM35LZdQMBGkRIoLPwQA=="],

    "inherits": ["inherits@2.0.4", "", {}, "sha512-k/vGaX4/Yla3WzyMCvTQOXYeIHvqOKtnqBduzTHpzpQZzAskKMhZ2K+EnBiSM9zGSoIFeMpXKxa4dYeZIQqewQ=="],

    "isows": ["isows@1.0.7", "", { "peerDependencies": { "ws": "*" } }, "sha512-I1fSfDCZL5P0v33sVqeTDSpcstAg/N+wF5HS033mogOVIp4B+oHC7oOCsA3axAbBSGTJ8QubbNmnIRN/h8U7hg=="],

    "jest-diff": ["jest-diff@29.7.0", "", { "dependencies": { "chalk": "^4.0.0", "diff-sequences": "^29.6.3", "jest-get-type": "^29.6.3", "pretty-format": "^29.7.0" } }, "sha512-LMIgiIrhigmPrs03JHpxUh2yISK3vLFPkAodPeo0+BuF7wA2FoQbkEg1u8gBYBThncu7e1oEDUfIXVuTqLRUjw=="],

    "jest-get-type": ["jest-get-type@29.6.3", "", {}, "sha512-zrteXnqYxfQh7l5FHyL38jL39di8H8rHoecLH3JNxH3BwOrBsNeabdap5e0I23lD4HHI8W5VFBZqG4Eaq5LNcw=="],

    "js-sha3": ["js-sha3@0.8.0", "", {}, "sha512-gF1cRrHhIzNfToc802P800N8PpXS+evLLXfsVpowqmAFR9uwbi89WvXg2QspOmXL8QL86J4T1EpFu+yUkwJY3Q=="],

    "json-stream-stringify": ["json-stream-stringify@3.1.7", "", {}, "sha512-F4MWetLtY42YMaAKw5cV4e47zMD5aOT+tjjQWjX18ACtdkQ5Y/vrcfbcQ107Rh+MXjOCIx4KhW0wPmOvG8iQ5w=="],

    "json-stringify-safe": ["json-stringify-safe@5.0.1", "", {}, "sha512-ZClg6AaYvamvYEE82d3Iyd3vSSIjQ+odgjaTzRuO3s7toCdFKczob2i0zCh7JE8kWn17yvAWhUVxvqGwUalsRA=="],

    "json5": ["json5@2.2.3", "", { "bin": { "json5": "lib/cli.js" } }, "sha512-XmOWe7eyHYH14cLdVPoyg+GOH3rYX++KpzrylJwSW98t3Nk+U8XOl8FWKOgwtzdb8lXGf6zYwDUzeHMWfxasyg=="],

    "kleur": ["kleur@3.0.3", "", {}, "sha512-eTIzlVOSUR+JxdDFepEYcBMtZ9Qqdef+rnzWdRZuMbOywu5tO2w2N7rqjoANZ5k9vywhL6Br1VRjUIgTQx4E8w=="],

    "lodash-es": ["lodash-es@4.17.21", "", {}, "sha512-mKnC+QJ9pWVzv+C4/U3rRsHapFfHvQFoFB92e52xeyGMcX6/OlIl78je1u8vePzYZSkkogMPJ2yjxxsb89cxyw=="],

    "micro-eth-signer": ["micro-eth-signer@0.14.0", "", { "dependencies": { "@noble/curves": "~1.8.1", "@noble/hashes": "~1.7.1", "micro-packed": "~0.7.2" } }, "sha512-5PLLzHiVYPWClEvZIXXFu5yutzpadb73rnQCpUqIHu3No3coFuWQNfE5tkBQJ7djuLYl6aRLaS0MgWJYGoqiBw=="],

    "micro-packed": ["micro-packed@0.7.3", "", { "dependencies": { "@scure/base": "~1.2.5" } }, "sha512-2Milxs+WNC00TRlem41oRswvw31146GiSaoCT7s3Xi2gMUglW5QBeqlQaZeHr5tJx9nm3i57LNXPqxOOaWtTYg=="],

    "minimalistic-assert": ["minimalistic-assert@1.0.1", "", {}, "sha512-UtJcAD4yEaGtjPezWuO9wC4nwUnVH/8/Im3yEHQP4b67cXlD/Qr9hdITCU1xDbSEXg2XKNaP8jsReV7vQd00/A=="],

    "minimalistic-crypto-utils": ["minimalistic-crypto-utils@1.0.1", "", {}, "sha512-JIYlbt6g8i5jKfJ3xz7rF0LXmv2TkDxBLUkiBeZ7bAx4GnnNMr8xFpGnOxn6GhTEHx3SjRrZEoU+j04prX1ktg=="],

    "minimist": ["minimist@1.2.8", "", {}, "sha512-2yyAR8qBkN3YuheJanUpWC5U3bb5osDywNB8RzDVlDwDHbocAJveqqj1u8+SVD7jkWT4yvsHCpWqqWqAxb0zCA=="],

    "ndjson": ["ndjson@2.0.0", "", { "dependencies": { "json-stringify-safe": "^5.0.1", "minimist": "^1.2.5", "readable-stream": "^3.6.0", "split2": "^3.0.0", "through2": "^4.0.0" }, "bin": { "ndjson": "cli.js" } }, "sha512-nGl7LRGrzugTtaFcJMhLbpzJM6XdivmbkdlaGcrk/LXg2KL/YBC6z1g70xh0/al+oFuVFP8N8kiWRucmeEH/qQ=="],

    "ox": ["ox@0.14.30", "", { "dependencies": { "@adraffy/ens-normalize": "^1.11.0", "@noble/ciphers": "^1.3.0", "@noble/curves": "1.9.1", "@noble/hashes": "^1.8.0", "@scure/bip32": "^1.7.0", "@scure/bip39": "^1.6.0", "abitype": "^1.2.3", "eventemitter3": "5.0.1" }, "peerDependencies": { "typescript": ">=5.4.0" }, "optionalPeers": ["typescript"] }, "sha512-LI11uu+8iiM1B3CLckgd++YF1a0A2k5wDoM9ZeQMiL21BOzQs6L//BLS6hb1HSEKCyycdDIQLsVQx9MjpcC0hA=="],

    "p-map": ["p-map@7.0.5", "", {}, "sha512-e8vJF4XdVkzqqSHguEMz41mQO1wKwxKm5ENrUJQUu9kLDCtn83cxbyHZcszr4QC5zEA7WffRRC4gsTecC7J9oA=="],

    "pretty-format": ["pretty-format@29.7.0", "", { "dependencies": { "@jest/schemas": "^29.6.3", "ansi-styles": "^5.0.0", "react-is": "^18.0.0" } }, "sha512-Pdlw/oPxN+aXdmM9R00JVC9WVFoCLTKJvDVLgmJ+qAffBMxsV85l/Lu7sNx4zSzPyoL2euImuEwHhOXdEgNFZQ=="],

    "prompts": ["prompts@2.4.2", "", { "dependencies": { "kleur": "^3.0.3", "sisteransi": "^1.0.5" } }, "sha512-NxNv/kLguCA7p3jE8oL2aEBsrJWgAakBpgmgK6lpPWV+WuOmY6r2/zbAVnP+T8bQlA0nzHXSJSJW0Hq7ylaD2Q=="],

    "react-is": ["react-is@18.3.1", "", {}, "sha512-/LLMVyas0ljjAtoYiPqYiL8VWXzUUdThrmU5+n20DZv+a+ClRoevUzw5JxU+Ieh5/c87ytoTBV9G1FiKfNJdmg=="],

    "readable-stream": ["readable-stream@3.6.2", "", { "dependencies": { "inherits": "^2.0.3", "string_decoder": "^1.1.1", "util-deprecate": "^1.0.1" } }, "sha512-9u/sniCrY3D5WdsERHzHE4G2YCXqoG5FTHUiCC4SIbr6XcLZBY05ya9EKjYek9O5xOAwjGq+1JdGBAS7Q9ScoA=="],

    "readdirp": ["readdirp@4.1.2", "", {}, "sha512-GDhwkLfywWL2s6vEjyhri+eXmfH6j1L7JE27WhqLeYzoh/A3DBaYGEj2H/HFZCn/kMfim73FXxEJTw06WtxQwg=="],

    "resolve.exports": ["resolve.exports@2.0.3", "", {}, "sha512-OcXjMsGdhL4XnbShKpAcSqPMzQoYkYyhbEaeSko47MjRP9NfEQMhZkXL1DoFlt9LWQn4YttrdnV6X2OiyzBi+A=="],

    "rfdc": ["rfdc@1.4.1", "", {}, "sha512-q1b3N5QkRUWUl7iyylaaj3kOpIT0N2i9MqIEQXP73GVsN9cw3fdx8X63cEmWhJGi2PPCF23Ijp7ktmd39rawIA=="],

    "safe-buffer": ["safe-buffer@5.2.1", "", {}, "sha512-rp3So07KcdmmKbGvgaNxQSJr7bGVSVk5S9Eq1F+ppbRo70+YeaDxkw5Dd8NPN+GD6bjnYm2VuPuCXmpuYvmCXQ=="],

    "semver": ["semver@7.8.5", "", { "bin": { "semver": "bin/semver.js" } }, "sha512-Y7/KDsb8LjooZpwaqGyulO6DQlksgCncchHGk+sZIY4SBvUocMBEFH5Ur1fI4dV+Jvl0w6cjvucaIi40puRioA=="],

    "sisteransi": ["sisteransi@1.0.5", "", {}, "sha512-bLGGlR1QxBcynn2d5YmDX4MGjlZvy2MRBDRNHLJ8VI6l6+9FUiyTFNJ0IveOSP0bcXgVDPRcfGqA0pjaqUpfVg=="],

    "split2": ["split2@3.2.2", "", { "dependencies": { "readable-stream": "^3.0.0" } }, "sha512-9NThjpgZnifTkJpzTZ7Eue85S49QwpNhZTq6GRJwObb6jnLFNGB7Qm73V5HewTROPyxD0C29xqmaI68bQtV+hg=="],

    "string_decoder": ["string_decoder@1.3.0", "", { "dependencies": { "safe-buffer": "~5.2.0" } }, "sha512-hkRX8U1WjJFd8LsDJ2yQ/wWWxaopEsABU1XfkM8A+j0+85JAGppt16cr1Whg6KIbb4okU6Mql6BOj+uup/wKeA=="],

    "strip-ansi": ["strip-ansi@6.0.1", "", { "dependencies": { "ansi-regex": "^5.0.1" } }, "sha512-Y38VPSHcqkFrCpFnQ9vuSXmquuv5oXOKpGeT6aGrr3o3Gc9AlVa6JBfUSOCnbxGGZF+/0ooI7KrPuUSztUdU5A=="],

    "supports-color": ["supports-color@7.2.0", "", { "dependencies": { "has-flag": "^4.0.0" } }, "sha512-qpCAvRl9stuOHveKsn7HncJRvv501qIacKzQlO/+Lwxc9+0q2wLyv4Dfvt80/DPn2pqOBsJdDiogXGR9+OvwRw=="],

    "through2": ["through2@4.0.2", "", { "dependencies": { "readable-stream": "3" } }, "sha512-iOqSav00cVxEEICeD7TjLB1sueEL+81Wpzp2bY17uZjZN0pWZPuo4suZ/61VujxmqSGFfgOcNuTZ85QJwNZQpw=="],

    "tslib": ["tslib@2.7.0", "", {}, "sha512-gLXCKdN1/j47AiHiOkJN69hJmcbGTHI0ImLmbYLHykhgeN0jVGola9yVjFgzCUklsZQMW55o+dW7IXv3RCXDzA=="],

    "tsx": ["tsx@4.23.0", "", { "dependencies": { "esbuild": "~0.28.0" }, "optionalDependencies": { "fsevents": "~2.3.3" }, "bin": { "tsx": "dist/cli.mjs" } }, "sha512-eUdUIaCr963q2h5u3+QwvYp0+eqPvn+egeqZUm0hwERCqqx1E3kK5ehbGCvqSE5MQAULr67ww0cA3jKc3YkM1w=="],

    "tunnel": ["tunnel@0.0.6", "", {}, "sha512-1h/Lnq9yajKY2PEbBadPXj3VxsDDu844OnaAo52UVmIzIvwwtBPIuNvkjuzBlTWpfJyUbG3ez0KSBibQkj4ojg=="],

    "typescript": ["typescript@5.9.3", "", { "bin": { "tsc": "bin/tsc", "tsserver": "bin/tsserver" } }, "sha512-jl1vZzPDinLr9eUt3J/t7V6FgNEw9QjvBPdysz9KfQDD41fQrC2Y4vKQdiaUpFT4bXlb1RHhLpp8wtm6M5TgSw=="],

    "undici": ["undici@6.27.0", "", {}, "sha512-YmfV3YnEDzXRC5lZ2jWtWWHKGUm1zIt8AhesR1tens+HTNv+YZlN/dp6G727LOvMJ8xjP9Be7Y2Sdr96LDm+pg=="],

    "undici-types": ["undici-types@8.3.0", "", {}, "sha512-j375ScV60dom+YkPFIfTLcOiPxkN/buHz5GobjLhixFuANaNs3C9l4GmrWqejgXWJ7BbJcFYpTEUkS1Ge8bpZQ=="],

    "util-deprecate": ["util-deprecate@1.0.2", "", {}, "sha512-EPD5q1uXyFxJpCrLnCc1nHnq3gOa6DZBocAIiI2TaSCA7VCJ1UJDMagCzIkXNsUYfD1daK//LTEQ8xiIbrHtcw=="],

    "viem": ["viem@2.54.3", "", { "dependencies": { "@noble/curves": "1.9.1", "@noble/hashes": "1.8.0", "@scure/bip32": "1.7.0", "@scure/bip39": "1.6.0", "abitype": "1.2.3", "isows": "1.0.7", "ox": "0.14.30", "ws": "8.21.0" }, "peerDependencies": { "typescript": ">=5.0.4" }, "optionalPeers": ["typescript"] }, "sha512-hHXV/MLeGx+A/kHwEejf4TBSmpq2rtpxR3qMH21+BL62CQBLfCoMxQ0RV3V3QLQ1mKC/sAFEci1u83JEq1TQ6g=="],

    "ws": ["ws@8.21.0", "", { "peerDependencies": { "bufferutil": "^4.0.1", "utf-8-validate": ">=5.0.2" }, "optionalPeers": ["bufferutil", "utf-8-validate"] }, "sha512-Vsp28b7DRcimFQvrqu2Wek3z1iYxDCWqHYB8Qsnk/S4RfaCQzPGPyBNuVjJV3cd6UiKtUtp6sNM77gWvzcCH+g=="],

    "zod": ["zod@3.25.76", "", {}, "sha512-gzUt/qt81nXsFGKIFcC3YnfEAx5NkunCfnDlvuBSSFS02bcXu4Lmea0AFIUwbLWxWPx3d9p8S5QoaujKcNQxcQ=="],

    "@actions/http-client/undici": ["undici@5.29.0", "", { "dependencies": { "@fastify/busboy": "^2.0.0" } }, "sha512-raqeBD6NQK4SkWhQzeYKd1KmIG6dllBOTt55Rmkt4HtI9mwdWtJljnrXjAFUBLTSN67HWrOIZ3EPF4kjUw80Bg=="],

    "@ethersproject/abi/@ethersproject/address": ["@ethersproject/address@5.8.0", "", { "dependencies": { "@ethersproject/bignumber": "^5.8.0", "@ethersproject/bytes": "^5.8.0", "@ethersproject/keccak256": "^5.8.0", "@ethersproject/logger": "^5.8.0", "@ethersproject/rlp": "^5.8.0" } }, "sha512-GhH/abcC46LJwshoN+uBNoKVFPxUuZm6dA257z0vZkKmU1+t8xTn8oK7B9qrj8W2rFRMch4gbJl6PmVxjxBEBA=="],

    "@ethersproject/hash/@ethersproject/address": ["@ethersproject/address@5.8.0", "", { "dependencies": { "@ethersproject/bignumber": "^5.8.0", "@ethersproject/bytes": "^5.8.0", "@ethersproject/keccak256": "^5.8.0", "@ethersproject/logger": "^5.8.0", "@ethersproject/rlp": "^5.8.0" } }, "sha512-GhH/abcC46LJwshoN+uBNoKVFPxUuZm6dA257z0vZkKmU1+t8xTn8oK7B9qrj8W2rFRMch4gbJl6PmVxjxBEBA=="],

    "@ethersproject/transactions/@ethersproject/address": ["@ethersproject/address@5.8.0", "", { "dependencies": { "@ethersproject/bignumber": "^5.8.0", "@ethersproject/bytes": "^5.8.0", "@ethersproject/keccak256": "^5.8.0", "@ethersproject/logger": "^5.8.0", "@ethersproject/rlp": "^5.8.0" } }, "sha512-GhH/abcC46LJwshoN+uBNoKVFPxUuZm6dA257z0vZkKmU1+t8xTn8oK7B9qrj8W2rFRMch4gbJl6PmVxjxBEBA=="],

    "@nomicfoundation/hardhat-keystore/@noble/hashes": ["@noble/hashes@1.7.1", "", {}, "sha512-B8XBPsn4vT/KJAGqDzbwztd+6Yte3P4V7iafm24bxgDe/mlRuK6xmWPuCNrKt2vDafZ8MfJLlchDG/vYafQEjQ=="],

    "elliptic/bn.js": ["bn.js@4.12.4", "", {}, "sha512-njR1b+ixG2ufvL9Zn9JGneW+b5GV6jqpYyPPpg4QVt723b5kJPGUczkUyWEH9BwEA74UakJZ43I4FDLBF7ci0g=="],

    "ethereum-cryptography/@noble/curves": ["@noble/curves@1.4.2", "", { "dependencies": { "@noble/hashes": "1.4.0" } }, "sha512-TavHr8qycMChk8UwMld0ZDRvatedkzWfH8IiaeGCfymOP5i0hSCozz9vHOL0nkwk7HRMlFnAiKpS2jrUmSybcw=="],

    "ethereum-cryptography/@noble/hashes": ["@noble/hashes@1.4.0", "", {}, "sha512-V1JJ1WTRUqHHrOSh597hURcMqVKVGL/ea3kv0gSnEdsEZ0/+VyPghM1lMNGc00z7CIQorSvbKpuJkxvuHbvdbg=="],

    "ethereum-cryptography/@scure/bip32": ["@scure/bip32@1.4.0", "", { "dependencies": { "@noble/curves": "~1.4.0", "@noble/hashes": "~1.4.0", "@scure/base": "~1.1.6" } }, "sha512-sVUpc0Vq3tXCkDGYVWGIZTRfnvu8LoTDaev7vbwh0omSvVORONr960MQWdKqJDCReIEmTj3PAr73O3aoxz7OPg=="],

    "ethereum-cryptography/@scure/bip39": ["@scure/bip39@1.3.0", "", { "dependencies": { "@noble/hashes": "~1.4.0", "@scure/base": "~1.1.6" } }, "sha512-disdg7gHuTDZtY+ZdkmLpPCk7fxZSu3gBiEGuoC1XYxv9cGx3Z6cpTggCgW6odSOOIXCiDjuGejW+aJKCY/pIQ=="],

    "ethers/@noble/curves": ["@noble/curves@1.2.0", "", { "dependencies": { "@noble/hashes": "1.3.2" } }, "sha512-oYclrNgRaM9SsBUBVbb8M6DTV7ZHRTKugureoYEncY5c65HOmRzvSiTE3y5CYaPYJA/GVkrhXEoF0M3Ya9PMnw=="],

    "ethers/@noble/hashes": ["@noble/hashes@1.3.2", "", {}, "sha512-MVC8EAQp7MvEcm30KWENFjgR+Mkmf+D189XJTkFIlwohU5hcBbn1ZkKq7KVTi2Hme3PMGF390DaL52beVrIihQ=="],

    "ethers/@types/node": ["@types/node@22.7.5", "", { "dependencies": { "undici-types": "~6.19.2" } }, "sha512-jML7s2NAzMWc//QSJ1a3prpk78cOPchGvXJsC3C6R6PSMoooztvRVQEz89gmBTBY1SPMaqo5teB4uNHPdetShQ=="],

    "micro-eth-signer/@noble/curves": ["@noble/curves@1.8.2", "", { "dependencies": { "@noble/hashes": "1.7.2" } }, "sha512-vnI7V6lFNe0tLAuJMu+2sX+FcL14TaCWy1qiczg1VwRmPrpQCdq5ESXQMqUc2tluRNf6irBXrWbl1mGN8uaU/g=="],

    "micro-eth-signer/@noble/hashes": ["@noble/hashes@1.7.2", "", {}, "sha512-biZ0NUSxyjLLqo6KxEJ1b+C2NAx0wtDoFvCaXHGgUkeHzf3Xc1xKumFKREuT7f7DARNZ/slvYUwFG6B0f2b6hQ=="],

    "ox/@noble/ciphers": ["@noble/ciphers@1.3.0", "", {}, "sha512-2I0gnIVPtfnMw9ee9h1dJG7tp81+8Ob3OJb3Mv37rx5L40/b0i7djjCVvGOVqc9AEIQyvyu1i6ypKdFw8R8gQw=="],

    "pretty-format/ansi-styles": ["ansi-styles@5.2.0", "", {}, "sha512-Cxwpt2SfTzTtXcfOlzGEee8O+c+MmUgGrNiBcXnuWxuFJHe6a5Hz7qwhwe5OgaSYI0IJvkLqWX1ASG+cJOkEiA=="],

    "ethereum-cryptography/@scure/bip32/@scure/base": ["@scure/base@1.1.9", "", {}, "sha512-8YKhl8GHiNI/pU2VMaofa2Tor7PJRAjwQLBBuilkJ9L5+13yVbC7JO/wS7piioAvPSwR3JKM1IJ/u4xQzbcXKg=="],

    "ethereum-cryptography/@scure/bip39/@scure/base": ["@scure/base@1.1.9", "", {}, "sha512-8YKhl8GHiNI/pU2VMaofa2Tor7PJRAjwQLBBuilkJ9L5+13yVbC7JO/wS7piioAvPSwR3JKM1IJ/u4xQzbcXKg=="],

    "ethers/@types/node/undici-types": ["undici-types@6.19.8", "", {}, "sha512-ve2KP6f/JnbPBFyobGHuerC9g1FYGn/F8n1LWTwNxCEzd6IfqTwUQcNXgEtmmQ6DlRrC1hrSrBnCZPokRrDHjw=="],
  }
}
